
Microsoft Visual Studio Solution File, Format Version 12.00
Project("{FAE04EC0-301F-11D3-BF4B-00C04F79EFBC}") = "DnZ_Platform.API", "DnZ_Platform.API\DnZ_Platform.API.csproj", "{2CA207BA-BDB0-46B2-B94A-B66FBE5746CD}"
EndProject
Global
	GlobalSection(SolutionConfigurationPlatforms) = preSolution
		Debug|Any CPU = Debug|Any CPU
		Release|Any CPU = Release|Any CPU
	EndGlobalSection
	GlobalSection(ProjectConfigurationPlatforms) = postSolution
		{2CA207BA-BDB0-46B2-B94A-B66FBE5746CD}.Debug|Any CPU.ActiveCfg = Debug|Any CPU
		{2CA207BA-BDB0-46B2-B94A-B66FBE5746CD}.Debug|Any CPU.Build.0 = Debug|Any CPU
		{2CA207BA-BDB0-46B2-B94A-B66FBE5746CD}.Release|Any CPU.ActiveCfg = Release|Any CPU
		{2CA207BA-BDB0-46B2-B94A-B66FBE5746CD}.Release|Any CPU.Build.0 = Release|Any CPU
	EndGlobalSection
EndGlobal
